
Microsoft Visual Studio Solution File, Format Version 12.00
# Visual Studio Version 17
VisualStudioVersion = 17.5.002.0
MinimumVisualStudioVersion = 10.0.40219.1
Project("{9A19103F-16F7-4668-BE54-9A1E7A4F7556}") = "ByteCraft", "ByteCraft.csproj", "{A6213902-5578-4BEF-AA0B-B0369ADBA235}"
EndProject
Global
	GlobalSection(SolutionConfigurationPlatforms) = preSolution
		Debug|Any CPU = Debug|Any CPU
		Release|Any CPU = Release|Any CPU
	EndGlobalSection
	GlobalSection(ProjectConfigurationPlatforms) = postSolution
		{A6213902-5578-4BEF-AA0B-B0369ADBA235}.Debug|Any CPU.ActiveCfg = Debug|Any CPU
		{A6213902-5578-4BEF-AA0B-B0369ADBA235}.Debug|Any CPU.Build.0 = Debug|Any CPU
		{A6213902-5578-4BEF-AA0B-B0369ADBA235}.Release|Any CPU.ActiveCfg = Release|Any CPU
		{A6213902-5578-4BEF-AA0B-B0369ADBA235}.Release|Any CPU.Build.0 = Release|Any CPU
	EndGlobalSection
	GlobalSection(SolutionProperties) = preSolution
		HideSolutionNode = FALSE
	EndGlobalSection
	GlobalSection(ExtensibilityGlobals) = postSolution
		SolutionGuid = {ADB1121B-21BA-41AC-A515-5C74C81BE0A6}
	EndGlobalSection
EndGlobal
